
Microsoft Visual Studio Solution File, Format Version 12.00
# Visual Studio Version 17
VisualStudioVersion = 17.8.34511.84
MinimumVisualStudioVersion = 10.0.40219.1
Project("{9A19103F-16F7-4668-BE54-9A1E7A4F7556}") = "PortalAddonManager", "PortalAddonManager.csproj", "{D2907069-BE2E-45FB-8583-7940BEA9FCC9}"
EndProject
Global
	GlobalSection(SolutionConfigurationPlatforms) = preSolution
		Debug|Any CPU = Debug|Any CPU
		Release|Any CPU = Release|Any CPU
	EndGlobalSection
	GlobalSection(ProjectConfigurationPlatforms) = postSolution
		{D2907069-BE2E-45FB-8583-7940BEA9FCC9}.Debug|Any CPU.ActiveCfg = Debug|Any CPU
		{D2907069-BE2E-45FB-8583-7940BEA9FCC9}.Debug|Any CPU.Build.0 = Debug|Any CPU
		{D2907069-BE2E-45FB-8583-7940BEA9FCC9}.Debug|Any CPU.Deploy.0 = Debug|Any CPU
		{D2907069-BE2E-45FB-8583-7940BEA9FCC9}.Release|Any CPU.ActiveCfg = Release|Any CPU
		{D2907069-BE2E-45FB-8583-7940BEA9FCC9}.Release|Any CPU.Build.0 = Release|Any CPU
		{D2907069-BE2E-45FB-8583-7940BEA9FCC9}.Release|Any CPU.Deploy.0 = Release|Any CPU
	EndGlobalSection
	GlobalSection(SolutionProperties) = preSolution
		HideSolutionNode = FALSE
	EndGlobalSection
	GlobalSection(ExtensibilityGlobals) = postSolution
		SolutionGuid = {8D44EED3-B1D8-4B69-8202-E39920184834}
	EndGlobalSection
EndGlobal
